
Microsoft Visual Studio Solution File, Format Version 12.00
# Visual Studio Version 16
VisualStudioVersion = 16.0.32002.261
MinimumVisualStudioVersion = 10.0.40219.1
Project("{FAE04EC0-301F-11D3-BF4B-00C04F79EFBC}") = "Mission4_RoyceCotcher", "Mission4_RoyceCotcher\Mission4_RoyceCotcher.csproj", "{7E88FF03-A334-476E-9E5E-A9684EBEAF0A}"
EndProject
Global
	GlobalSection(SolutionConfigurationPlatforms) = preSolution
		Debug|Any CPU = Debug|Any CPU
		Release|Any CPU = Release|Any CPU
	EndGlobalSection
	GlobalSection(ProjectConfigurationPlatforms) = postSolution
		{7E88FF03-A334-476E-9E5E-A9684EBEAF0A}.Debug|Any CPU.ActiveCfg = Debug|Any CPU
		{7E88FF03-A334-476E-9E5E-A9684EBEAF0A}.Debug|Any CPU.Build.0 = Debug|Any CPU
		{7E88FF03-A334-476E-9E5E-A9684EBEAF0A}.Release|Any CPU.ActiveCfg = Release|Any CPU
		{7E88FF03-A334-476E-9E5E-A9684EBEAF0A}.Release|Any CPU.Build.0 = Release|Any CPU
	EndGlobalSection
	GlobalSection(SolutionProperties) = preSolution
		HideSolutionNode = FALSE
	EndGlobalSection
	GlobalSection(ExtensibilityGlobals) = postSolution
		SolutionGuid = {01EBE21D-A5CC-4AD0-AB7C-6151A81EA472}
	EndGlobalSection
EndGlobal
